// !$*UTF8*$!
{
	archiveVersion = 1;
	classes = {
	};
	objectVersion = 77;
	objects = {

/* Begin PBXBuildFile section */
		33F821052EDDDEF60096AAF9 /* WidgetKit.framework in Frameworks */ = {isa = PBXBuildFile; fileRef = 33F821042EDDDEF60096AAF9 /* WidgetKit.framework */; };
		33F821072EDDDEF60096AAF9 /* SwiftUI.framework in Frameworks */ = {isa = PBXBuildFile; fileRef = 33F821062EDDDEF60096AAF9 /* SwiftUI.framework */; };
		33F821182EDDDEF80096AAF9 /* MeditaidWidgetExtensionExtension.appex in Embed Foundation Extensions */ = {isa = PBXBuildFile; fileRef = 33F821022EDDDEF60096AAF9 /* MeditaidWidgetExtensionExtension.appex */; settings = {ATTRIBUTES = (RemoveHeadersOnCopy, ); }; };
/* End PBXBuildFile section */

/* Begin PBXContainerItemProxy section */
		33F821162EDDDEF80096AAF9 /* PBXContainerItemProxy */ = {
			isa = PBXContainerItemProxy;
			containerPortal = 33F820E72EDDDD9B0096AAF9 /* Project object */;
			proxyType = 1;
			remoteGlobalIDString = 33F821012EDDDEF60096AAF9;
			remoteInfo = MeditaidWidgetExtensionExtension;
		};
/* End PBXContainerItemProxy section */

/* Begin PBXCopyFilesBuildPhase section */
		33F8211D2EDDDEF80096AAF9 /* Embed Foundation Extensions */ = {
			isa = PBXCopyFilesBuildPhase;
			buildActionMask = 2147483647;
			dstPath = "";
			dstSubfolderSpec = 13;
			files = (
				33F821182EDDDEF80096AAF9 /* MeditaidWidgetExtensionExtension.appex in Embed Foundation Extensions */,
			);
			name = "Embed Foundation Extensions";
			runOnlyForDeploymentPostprocessing = 0;
		};
/* End PBXCopyFilesBuildPhase section */

/* Begin PBXFileReference section */
		33E387F52EDF1404000ECE69 /* MeditaidWidgetExtensionExtension.entitlements */ = {isa = PBXFileReference; lastKnownFileType = text.plist.entitlements; path = MeditaidWidgetExtensionExtension.entitlements; sourceTree = "<group>"; };
		33F820EF2EDDDD9B0096AAF9 /* Meditaid.app */ = {isa = PBXFileReference; explicitFileType = wrapper.application; includeInIndex = 0; path = Meditaid.app; sourceTree = BUILT_PRODUCTS_DIR; };
		33F821022EDDDEF60096AAF9 /* MeditaidWidgetExtensionExtension.appex */ = {isa = PBXFileReference; explicitFileType = "wrapper.app-extension"; includeInIndex = 0; path = MeditaidWidgetExtensionExtension.appex; sourceTree = BUILT_PRODUCTS_DIR; };
		33F821042EDDDEF60096AAF9 /* WidgetKit.framework */ = {isa = PBXFileReference; lastKnownFileType = wrapper.framework; name = WidgetKit.framework; path = System/Library/Frameworks/WidgetKit.framework; sourceTree = SDKROOT; };
		33F821062EDDDEF60096AAF9 /* SwiftUI.framework */ = {isa = PBXFileReference; lastKnownFileType = wrapper.framework; name = SwiftUI.framework; path = System/Library/Frameworks/SwiftUI.framework; sourceTree = SDKROOT; };
/* End PBXFileReference section */

/* Begin PBXFileSystemSynchronizedBuildFileExceptionSet section */
		33E388F62EDF8570000ECE69 /* Exceptions for "Meditaid" folder in "Meditaid" target */ = {
			isa = PBXFileSystemSynchronizedBuildFileExceptionSet;
			membershipExceptions = (
				AppIntents/MeditaidWidgetExtensionControl.swift,
			);
			target = 33F820EE2EDDDD9B0096AAF9 /* Meditaid */;
		};
		33E388F82EDF87DE000ECE69 /* Exceptions for "Trash" folder in "Meditaid" target */ = {
			isa = PBXFileSystemSynchronizedBuildFileExceptionSet;
			membershipExceptions = (
				ConfigurationAppIntent.swift,
				MeditaidWidgetExtension.swift,
			);
			target = 33F820EE2EDDDD9B0096AAF9 /* Meditaid */;
		};
		33E388F92EDF87DE000ECE69 /* Exceptions for "Trash" folder in "MeditaidWidgetExtensionExtension" target */ = {
			isa = PBXFileSystemSynchronizedBuildFileExceptionSet;
			membershipExceptions = (
				ConfigurationAppIntent.swift,
				MeditaidWidgetExtension.swift,
			);
			target = 33F821012EDDDEF60096AAF9 /* MeditaidWidgetExtensionExtension */;
		};
		33F821192EDDDEF80096AAF9 /* Exceptions for "MeditaidWidgetExtension" folder in "MeditaidWidgetExtensionExtension" target */ = {
			isa = PBXFileSystemSynchronizedBuildFileExceptionSet;
			membershipExceptions = (
				Info.plist,
			);
			target = 33F821012EDDDEF60096AAF9 /* MeditaidWidgetExtensionExtension */;
		};
		33F821222EDDDF440096AAF9 /* Exceptions for "Meditaid" folder in "MeditaidWidgetExtensionExtension" target */ = {
			isa = PBXFileSystemSynchronizedBuildFileExceptionSet;
			membershipExceptions = (
				AppIntents/MeditaidWidgetExtensionControl.swift,
				Models/TimerAttributes.swift,
			);
			target = 33F821012EDDDEF60096AAF9 /* MeditaidWidgetExtensionExtension */;
		};
/* End PBXFileSystemSynchronizedBuildFileExceptionSet section */

/* Begin PBXFileSystemSynchronizedRootGroup section */
		33E388F72EDF87C6000ECE69 /* Trash */ = {
			isa = PBXFileSystemSynchronizedRootGroup;
			exceptions = (
				33E388F82EDF87DE000ECE69 /* Exceptions for "Trash" folder in "Meditaid" target */,
				33E388F92EDF87DE000ECE69 /* Exceptions for "Trash" folder in "MeditaidWidgetExtensionExtension" target */,
			);
			path = Trash;
			sourceTree = "<group>";
		};
		33F820F12EDDDD9B0096AAF9 /* Meditaid */ = {
			isa = PBXFileSystemSynchronizedRootGroup;
			exceptions = (
				33E388F62EDF8570000ECE69 /* Exceptions for "Meditaid" folder in "Meditaid" target */,
				33F821222EDDDF440096AAF9 /* Exceptions for "Meditaid" folder in "MeditaidWidgetExtensionExtension" target */,
			);
			path = Meditaid;
			sourceTree = "<group>";
		};
		33F821082EDDDEF60096AAF9 /* MeditaidWidgetExtension */ = {
			isa = PBXFileSystemSynchronizedRootGroup;
			exceptions = (
				33F821192EDDDEF80096AAF9 /* Exceptions for "MeditaidWidgetExtension" folder in "MeditaidWidgetExtensionExtension" target */,
			);
			path = MeditaidWidgetExtension;
			sourceTree = "<group>";
		};
/* End PBXFileSystemSynchronizedRootGroup section */

/* Begin PBXFrameworksBuildPhase section */
		33F820EC2EDDDD9B0096AAF9 /* Frameworks */ = {
			isa = PBXFrameworksBuildPhase;
			buildActionMask = 2147483647;
			files = (
			);
			runOnlyForDeploymentPostprocessing = 0;
		};
		33F820FF2EDDDEF60096AAF9 /* Frameworks */ = {
			isa = PBXFrameworksBuildPhase;
			buildActionMask = 2147483647;
			files = (
				33F821072EDDDEF60096AAF9 /* SwiftUI.framework in Frameworks */,
				33F821052EDDDEF60096AAF9 /* WidgetKit.framework in Frameworks */,
			);
			runOnlyForDeploymentPostprocessing = 0;
		};
/* End PBXFrameworksBuildPhase section */

/* Begin PBXGroup section */
		33F820E62EDDDD9B0096AAF9 = {
			isa = PBXGroup;
			children = (
				33E388F72EDF87C6000ECE69 /* Trash */,
				33E387F52EDF1404000ECE69 /* MeditaidWidgetExtensionExtension.entitlements */,
				33F820F12EDDDD9B0096AAF9 /* Meditaid */,
				33F821082EDDDEF60096AAF9 /* MeditaidWidgetExtension */,
				33F821032EDDDEF60096AAF9 /* Frameworks */,
				33F820F02EDDDD9B0096AAF9 /* Products */,
			);
			sourceTree = "<group>";
		};
		33F820F02EDDDD9B0096AAF9 /* Products */ = {
			isa = PBXGroup;
			children = (
				33F820EF2EDDDD9B0096AAF9 /* Meditaid.app */,
				33F821022EDDDEF60096AAF9 /* MeditaidWidgetExtensionExtension.appex */,
			);
			name = Products;
			sourceTree = "<group>";
		};
		33F821032EDDDEF60096AAF9 /* Frameworks */ = {
			isa = PBXGroup;
			children = (
				33F821042EDDDEF60096AAF9 /* WidgetKit.framework */,
				33F821062EDDDEF60096AAF9 /* SwiftUI.framework */,
			);
			name = Frameworks;
			sourceTree = "<group>";
		};
/* End PBXGroup section */

/* Begin PBXNativeTarget section */
		33F820EE2EDDDD9B0096AAF9 /* Meditaid */ = {
			isa = PBXNativeTarget;
			buildConfigurationList = 33F820FA2EDDDD9D0096AAF9 /* Build configuration list for PBXNativeTarget "Meditaid" */;
			buildPhases = (
				33F820EB2EDDDD9B0096AAF9 /* Sources */,
				33F820EC2EDDDD9B0096AAF9 /* Frameworks */,
				33F820ED2EDDDD9B0096AAF9 /* Resources */,
				33F8211D2EDDDEF80096AAF9 /* Embed Foundation Extensions */,
			);
			buildRules = (
			);
			dependencies = (
				33F821172EDDDEF80096AAF9 /* PBXTargetDependency */,
			);
			fileSystemSynchronizedGroups = (
				33E388F72EDF87C6000ECE69 /* Trash */,
				33F820F12EDDDD9B0096AAF9 /* Meditaid */,
			);
			name = Meditaid;
			packageProductDependencies = (
			);
			productName = Meditaid;
			productReference = 33F820EF2EDDDD9B0096AAF9 /* Meditaid.app */;
			productType = "com.apple.product-type.application";
		};
		33F821012EDDDEF60096AAF9 /* MeditaidWidgetExtensionExtension */ = {
			isa = PBXNativeTarget;
			buildConfigurationList = 33F8211A2EDDDEF80096AAF9 /* Build configuration list for PBXNativeTarget "MeditaidWidgetExtensionExtension" */;
			buildPhases = (
				33F820FE2EDDDEF60096AAF9 /* Sources */,
				33F820FF2EDDDEF60096AAF9 /* Frameworks */,
				33F821002EDDDEF60096AAF9 /* Resources */,
			);
			buildRules = (
			);
			dependencies = (
			);
			fileSystemSynchronizedGroups = (
				33F821082EDDDEF60096AAF9 /* MeditaidWidgetExtension */,
			);
			name = MeditaidWidgetExtensionExtension;
			packageProductDependencies = (
			);
			productName = MeditaidWidgetExtensionExtension;
			productReference = 33F821022EDDDEF60096AAF9 /* MeditaidWidgetExtensionExtension.appex */;
			productType = "com.apple.product-type.app-extension";
		};
/* End PBXNativeTarget section */

/* Begin PBXProject section */
		33F820E72EDDDD9B0096AAF9 /* Project object */ = {
			isa = PBXProject;
			attributes = {
				BuildIndependentTargetsInParallel = 1;
				LastSwiftUpdateCheck = 1640;
				LastUpgradeCheck = 1640;
				TargetAttributes = {
					33F820EE2EDDDD9B0096AAF9 = {
						CreatedOnToolsVersion = 16.4;
					};
					33F821012EDDDEF60096AAF9 = {
						CreatedOnToolsVersion = 16.4;
					};
				};
			};
			buildConfigurationList = 33F820EA2EDDDD9B0096AAF9 /* Build configuration list for PBXProject "Meditaid" */;
			developmentRegion = en;
			hasScannedForEncodings = 0;
			knownRegions = (
				en,
				Base,
			);
			mainGroup = 33F820E62EDDDD9B0096AAF9;
			minimizedProjectReferenceProxies = 1;
			preferredProjectObjectVersion = 77;
			productRefGroup = 33F820F02EDDDD9B0096AAF9 /* Products */;
			projectDirPath = "";
			projectRoot = "";
			targets = (
				33F820EE2EDDDD9B0096AAF9 /* Meditaid */,
				33F821012EDDDEF60096AAF9 /* MeditaidWidgetExtensionExtension */,
			);
		};
/* End PBXProject section */

/* Begin PBXResourcesBuildPhase section */
		33F820ED2EDDDD9B0096AAF9 /* Resources */ = {
			isa = PBXResourcesBuildPhase;
			buildActionMask = 2147483647;
			files = (
			);
			runOnlyForDeploymentPostprocessing = 0;
		};
		33F821002EDDDEF60096AAF9 /* Resources */ = {
			isa = PBXResourcesBuildPhase;
			buildActionMask = 2147483647;
			files = (
			);
			runOnlyForDeploymentPostprocessing = 0;
		};
/* End PBXResourcesBuildPhase section */

/* Begin PBXSourcesBuildPhase section */
		33F820EB2EDDDD9B0096AAF9 /* Sources */ = {
			isa = PBXSourcesBuildPhase;
			buildActionMask = 2147483647;
			files = (
			);
			runOnlyForDeploymentPostprocessing = 0;
		};
		33F820FE2EDDDEF60096AAF9 /* Sources */ = {
			isa = PBXSourcesBuildPhase;
			buildActionMask = 2147483647;
			files = (
			);
			runOnlyForDeploymentPostprocessing = 0;
		};
/* End PBXSourcesBuildPhase section */

/* Begin PBXTargetDependency section */
		33F821172EDDDEF80096AAF9 /* PBXTargetDependency */ = {
			isa = PBXTargetDependency;
			target = 33F821012EDDDEF60096AAF9 /* MeditaidWidgetExtensionExtension */;
			targetProxy = 33F821162EDDDEF80096AAF9 /* PBXContainerItemProxy */;
		};
/* End PBXTargetDependency section */

/* Begin XCBuildConfiguration section */
		33F820F82EDDDD9D0096AAF9 /* Debug */ = {
			isa = XCBuildConfiguration;
			buildSettings = {
				ALWAYS_SEARCH_USER_PATHS = NO;
				ASSETCATALOG_COMPILER_GENERATE_SWIFT_ASSET_SYMBOL_EXTENSIONS = YES;
				CLANG_ANALYZER_NONNULL = YES;
				CLANG_ANALYZER_NUMBER_OBJECT_CONVERSION = YES_AGGRESSIVE;
				CLANG_CXX_LANGUAGE_STANDARD = "gnu++20";
				CLANG_ENABLE_MODULES = YES;
				CLANG_ENABLE_OBJC_ARC = YES;
				CLANG_ENABLE_OBJC_WEAK = YES;
				CLANG_WARN_BLOCK_CAPTURE_AUTORELEASING = YES;
				CLANG_WARN_BOOL_CONVERSION = YES;
				CLANG_WARN_COMMA = YES;
				CLANG_WARN_CONSTANT_CONVERSION = YES;
				CLANG_WARN_DEPRECATED_OBJC_IMPLEMENTATIONS = YES;
				CLANG_WARN_DIRECT_OBJC_ISA_USAGE = YES_ERROR;
				CLANG_WARN_DOCUMENTATION_COMMENTS = YES;
				CLANG_WARN_EMPTY_BODY = YES;
				CLANG_WARN_ENUM_CONVERSION = YES;
				CLANG_WARN_INFINITE_RECURSION = YES;
				CLANG_WARN_INT_CONVERSION = YES;
				CLANG_WARN_NON_LITERAL_NULL_CONVERSION = YES;
				CLANG_WARN_OBJC_IMPLICIT_RETAIN_SELF = YES;
				CLANG_WARN_OBJC_LITERAL_CONVERSION = YES;
				CLANG_WARN_OBJC_ROOT_CLASS = YES_ERROR;
				CLANG_WARN_QUOTED_INCLUDE_IN_FRAMEWORK_HEADER = YES;
				CLANG_WARN_RANGE_LOOP_ANALYSIS = YES;
				CLANG_WARN_STRICT_PROTOTYPES = YES;
				CLANG_WARN_SUSPICIOUS_MOVE = YES;
				CLANG_WARN_UNGUARDED_AVAILABILITY = YES_AGGRESSIVE;
				CLANG_WARN_UNREACHABLE_CODE = YES;
				CLANG_WARN__DUPLICATE_METHOD_MATCH = YES;
				COPY_PHASE_STRIP = NO;
				DEBUG_INFORMATION_FORMAT = dwarf;
				DEVELOPMENT_TEAM = 3RF2D3SK6K;
				ENABLE_STRICT_OBJC_MSGSEND = YES;
				ENABLE_TESTABILITY = YES;
				ENABLE_USER_SCRIPT_SANDBOXING = YES;
				GCC_C_LANGUAGE_STANDARD = gnu17;
				GCC_DYNAMIC_NO_PIC = NO;
				GCC_NO_COMMON_BLOCKS = YES;
				GCC_OPTIMIZATION_LEVEL = 0;
				GCC_PREPROCESSOR_DEFINITIONS = (
					"DEBUG=1",
					"$(inherited)",
				);
				GCC_WARN_64_TO_32_BIT_CONVERSION = YES;
				GCC_WARN_ABOUT_RETURN_TYPE = YES_ERROR;
				GCC_WARN_UNDECLARED_SELECTOR = YES;
				GCC_WARN_UNINITIALIZED_AUTOS = YES_AGGRESSIVE;
				GCC_WARN_UNUSED_FUNCTION = YES;
				GCC_WARN_UNUSED_VARIABLE = YES;
				IPHONEOS_DEPLOYMENT_TARGET = 18.5;
				LOCALIZATION_PREFERS_STRING_CATALOGS = YES;
				MTL_ENABLE_DEBUG_INFO = INCLUDE_SOURCE;
				MTL_FAST_MATH = YES;
				ONLY_ACTIVE_ARCH = YES;
				SDKROOT = iphoneos;
				SWIFT_ACTIVE_COMPILATION_CONDITIONS = "DEBUG $(inherited)";
				SWIFT_OPTIMIZATION_LEVEL = "-Onone";
			};
			name = Debug;
		};
		33F820F92EDDDD9D0096AAF9 /* Release */ = {
			isa = XCBuildConfiguration;
			buildSettings = {
				ALWAYS_SEARCH_USER_PATHS = NO;
				ASSETCATALOG_COMPILER_GENERATE_SWIFT_ASSET_SYMBOL_EXTENSIONS = YES;
				CLANG_ANALYZER_NONNULL = YES;
				CLANG_ANALYZER_NUMBER_OBJECT_CONVERSION = YES_AGGRESSIVE;
				CLANG_CXX_LANGUAGE_STANDARD = "gnu++20";
				CLANG_ENABLE_MODULES = YES;
				CLANG_ENABLE_OBJC_ARC = YES;
				CLANG_ENABLE_OBJC_WEAK = YES;
				CLANG_WARN_BLOCK_CAPTURE_AUTORELEASING = YES;
				CLANG_WARN_BOOL_CONVERSION = YES;
				CLANG_WARN_COMMA = YES;
				CLANG_WARN_CONSTANT_CONVERSION = YES;
				CLANG_WARN_DEPRECATED_OBJC_IMPLEMENTATIONS = YES;
				CLANG_WARN_DIRECT_OBJC_ISA_USAGE = YES_ERROR;
				CLANG_WARN_DOCUMENTATION_COMMENTS = YES;
				CLANG_WARN_EMPTY_BODY = YES;
				CLANG_WARN_ENUM_CONVERSION = YES;
				CLANG_WARN_INFINITE_RECURSION = YES;
				CLANG_WARN_INT_CONVERSION = YES;
				CLANG_WARN_NON_LITERAL_NULL_CONVERSION = YES;
				CLANG_WARN_OBJC_IMPLICIT_RETAIN_SELF = YES;
				CLANG_WARN_OBJC_LITERAL_CONVERSION = YES;
				CLANG_WARN_OBJC_ROOT_CLASS = YES_ERROR;
				CLANG_WARN_QUOTED_INCLUDE_IN_FRAMEWORK_HEADER = YES;
				CLANG_WARN_RANGE_LOOP_ANALYSIS = YES;
				CLANG_WARN_STRICT_PROTOTYPES = YES;
				CLANG_WARN_SUSPICIOUS_MOVE = YES;
				CLANG_WARN_UNGUARDED_AVAILABILITY = YES_AGGRESSIVE;
				CLANG_WARN_UNREACHABLE_CODE = YES;
				CLANG_WARN__DUPLICATE_METHOD_MATCH = YES;
				COPY_PHASE_STRIP = NO;
				DEBUG_INFORMATION_FORMAT = "dwarf-with-dsym";
				DEVELOPMENT_TEAM = 3RF2D3SK6K;
				ENABLE_NS_ASSERTIONS = NO;
				ENABLE_STRICT_OBJC_MSGSEND = YES;
				ENABLE_USER_SCRIPT_SANDBOXING = YES;
				GCC_C_LANGUAGE_STANDARD = gnu17;
				GCC_NO_COMMON_BLOCKS = YES;
				GCC_WARN_64_TO_32_BIT_CONVERSION = YES;
				GCC_WARN_ABOUT_RETURN_TYPE = YES_ERROR;
				GCC_WARN_UNDECLARED_SELECTOR = YES;
				GCC_WARN_UNINITIALIZED_AUTOS = YES_AGGRESSIVE;
				GCC_WARN_UNUSED_FUNCTION = YES;
				GCC_WARN_UNUSED_VARIABLE = YES;
				IPHONEOS_DEPLOYMENT_TARGET = 18.5;
				LOCALIZATION_PREFERS_STRING_CATALOGS = YES;
				MTL_ENABLE_DEBUG_INFO = NO;
				MTL_FAST_MATH = YES;
				SDKROOT = iphoneos;
				SWIFT_COMPILATION_MODE = wholemodule;
				VALIDATE_PRODUCT = YES;
			};
			name = Release;
		};
		33F820FB2EDDDD9D0096AAF9 /* Debug */ = {
			isa = XCBuildConfiguration;
			buildSettings = {
				ASSETCATALOG_COMPILER_APPICON_NAME = AppIcon;
				ASSETCATALOG_COMPILER_GLOBAL_ACCENT_COLOR_NAME = AccentColor;
				CODE_SIGN_ENTITLEMENTS = Meditaid/Meditaid.entitlements;
				CODE_SIGN_STYLE = Automatic;
				CURRENT_PROJECT_VERSION = 1;
				DEVELOPMENT_TEAM = 3RF2D3SK6K;
				ENABLE_PREVIEWS = YES;
				GENERATE_INFOPLIST_FILE = YES;
				INFOPLIST_KEY_NSHealthUpdateUsageDescription = "Meditaid needs permission to save your Mindful Minutes to the Health app.";
				INFOPLIST_KEY_NSSupportsLiveActivities = YES;
				INFOPLIST_KEY_UIApplicationSceneManifest_Generation = YES;
				INFOPLIST_KEY_UIApplicationSupportsIndirectInputEvents = YES;
				INFOPLIST_KEY_UILaunchScreen_Generation = YES;
				INFOPLIST_KEY_UISupportedInterfaceOrientations_iPad = "UIInterfaceOrientationPortrait UIInterfaceOrientationPortraitUpsideDown UIInterfaceOrientationLandscapeLeft UIInterfaceOrientationLandscapeRight";
				INFOPLIST_KEY_UISupportedInterfaceOrientations_iPhone = "UIInterfaceOrientationPortrait UIInterfaceOrientationLandscapeLeft UIInterfaceOrientationLandscapeRight";
				LD_RUNPATH_SEARCH_PATHS = (
					"$(inherited)",
					"@executable_path/Frameworks",
				);
				MARKETING_VERSION = 1.0;
				PRODUCT_BUNDLE_IDENTIFIER = garmulewicz.Meditaid;
				PRODUCT_NAME = "$(TARGET_NAME)";
				SWIFT_EMIT_LOC_STRINGS = YES;
				SWIFT_VERSION = 5.0;
				TARGETED_DEVICE_FAMILY = "1,2";
			};
			name = Debug;
		};
		33F820FC2EDDDD9D0096AAF9 /* Release */ = {
			isa = XCBuildConfiguration;
			buildSettings = {
				ASSETCATALOG_COMPILER_APPICON_NAME = AppIcon;
				ASSETCATALOG_COMPILER_GLOBAL_ACCENT_COLOR_NAME = AccentColor;
				CODE_SIGN_ENTITLEMENTS = Meditaid/Meditaid.entitlements;
				CODE_SIGN_STYLE = Automatic;
				CURRENT_PROJECT_VERSION = 1;
				DEVELOPMENT_TEAM = 3RF2D3SK6K;
				ENABLE_PREVIEWS = YES;
				GENERATE_INFOPLIST_FILE = YES;
				INFOPLIST_KEY_NSHealthUpdateUsageDescription = "Meditaid needs permission to save your Mindful Minutes to the Health app.";
				INFOPLIST_KEY_NSSupportsLiveActivities = YES;
				INFOPLIST_KEY_UIApplicationSceneManifest_Generation = YES;
				INFOPLIST_KEY_UIApplicationSupportsIndirectInputEvents = YES;
				INFOPLIST_KEY_UILaunchScreen_Generation = YES;
				INFOPLIST_KEY_UISupportedInterfaceOrientations_iPad = "UIInterfaceOrientationPortrait UIInterfaceOrientationPortraitUpsideDown UIInterfaceOrientationLandscapeLeft UIInterfaceOrientationLandscapeRight";
				INFOPLIST_KEY_UISupportedInterfaceOrientations_iPhone = "UIInterfaceOrientationPortrait UIInterfaceOrientationLandscapeLeft UIInterfaceOrientationLandscapeRight";
				LD_RUNPATH_SEARCH_PATHS = (
					"$(inherited)",
					"@executable_path/Frameworks",
				);
				MARKETING_VERSION = 1.0;
				PRODUCT_BUNDLE_IDENTIFIER = garmulewicz.Meditaid;
				PRODUCT_NAME = "$(TARGET_NAME)";
				SWIFT_EMIT_LOC_STRINGS = YES;
				SWIFT_VERSION = 5.0;
				TARGETED_DEVICE_FAMILY = "1,2";
			};
			name = Release;
		};
		33F8211B2EDDDEF80096AAF9 /* Debug */ = {
			isa = XCBuildConfiguration;
			buildSettings = {
				ASSETCATALOG_COMPILER_GLOBAL_ACCENT_COLOR_NAME = AccentColor;
				ASSETCATALOG_COMPILER_WIDGET_BACKGROUND_COLOR_NAME = WidgetBackground;
				CODE_SIGN_ENTITLEMENTS = MeditaidWidgetExtensionExtension.entitlements;
				CODE_SIGN_STYLE = Automatic;
				CURRENT_PROJECT_VERSION = 1;
				DEVELOPMENT_TEAM = 3RF2D3SK6K;
				GENERATE_INFOPLIST_FILE = YES;
				INFOPLIST_FILE = MeditaidWidgetExtension/Info.plist;
				INFOPLIST_KEY_CFBundleDisplayName = MeditaidWidgetExtension;
				INFOPLIST_KEY_NSHumanReadableCopyright = "";
				LD_RUNPATH_SEARCH_PATHS = (
					"$(inherited)",
					"@executable_path/Frameworks",
					"@executable_path/../../Frameworks",
				);
				MARKETING_VERSION = 1.0;
				PRODUCT_BUNDLE_IDENTIFIER = garmulewicz.Meditaid.MeditaidWidgetExtension;
				PRODUCT_NAME = "$(TARGET_NAME)";
				SKIP_INSTALL = YES;
				SWIFT_EMIT_LOC_STRINGS = YES;
				SWIFT_VERSION = 5.0;
				TARGETED_DEVICE_FAMILY = "1,2";
			};
			name = Debug;
		};
		33F8211C2EDDDEF80096AAF9 /* Release */ = {
			isa = XCBuildConfiguration;
			buildSettings = {
				ASSETCATALOG_COMPILER_GLOBAL_ACCENT_COLOR_NAME = AccentColor;
				ASSETCATALOG_COMPILER_WIDGET_BACKGROUND_COLOR_NAME = WidgetBackground;
				CODE_SIGN_ENTITLEMENTS = MeditaidWidgetExtensionExtension.entitlements;
				CODE_SIGN_STYLE = Automatic;
				CURRENT_PROJECT_VERSION = 1;
				DEVELOPMENT_TEAM = 3RF2D3SK6K;
				GENERATE_INFOPLIST_FILE = YES;
				INFOPLIST_FILE = MeditaidWidgetExtension/Info.plist;
				INFOPLIST_KEY_CFBundleDisplayName = MeditaidWidgetExtension;
				INFOPLIST_KEY_NSHumanReadableCopyright = "";
				LD_RUNPATH_SEARCH_PATHS = (
					"$(inherited)",
					"@executable_path/Frameworks",
					"@executable_path/../../Frameworks",
				);
				MARKETING_VERSION = 1.0;
				PRODUCT_BUNDLE_IDENTIFIER = garmulewicz.Meditaid.MeditaidWidgetExtension;
				PRODUCT_NAME = "$(TARGET_NAME)";
				SKIP_INSTALL = YES;
				SWIFT_EMIT_LOC_STRINGS = YES;
				SWIFT_VERSION = 5.0;
				TARGETED_DEVICE_FAMILY = "1,2";
			};
			name = Release;
		};
/* End XCBuildConfiguration section */

/* Begin XCConfigurationList section */
		33F820EA2EDDDD9B0096AAF9 /* Build configuration list for PBXProject "Meditaid" */ = {
			isa = XCConfigurationList;
			buildConfigurations = (
				33F820F82EDDDD9D0096AAF9 /* Debug */,
				33F820F92EDDDD9D0096AAF9 /* Release */,
			);
			defaultConfigurationIsVisible = 0;
			defaultConfigurationName = Release;
		};
		33F820FA2EDDDD9D0096AAF9 /* Build configuration list for PBXNativeTarget "Meditaid" */ = {
			isa = XCConfigurationList;
			buildConfigurations = (
				33F820FB2EDDDD9D0096AAF9 /* Debug */,
				33F820FC2EDDDD9D0096AAF9 /* Release */,
			);
			defaultConfigurationIsVisible = 0;
			defaultConfigurationName = Release;
		};
		33F8211A2EDDDEF80096AAF9 /* Build configuration list for PBXNativeTarget "MeditaidWidgetExtensionExtension" */ = {
			isa = XCConfigurationList;
			buildConfigurations = (
				33F8211B2EDDDEF80096AAF9 /* Debug */,
				33F8211C2EDDDEF80096AAF9 /* Release */,
			);
			defaultConfigurationIsVisible = 0;
			defaultConfigurationName = Release;
		};
/* End XCConfigurationList section */
	};
	rootObject = 33F820E72EDDDD9B0096AAF9 /* Project object */;
}
